# This file is generated by running "yarn install" inside your project.
# Manual changes might be lost - proceed with caution!

__metadata:
  version: 6
  cacheKey: 8

"@types/node@npm:^20.14.11":
  version: 20.14.11
  resolution: "@types/node@npm:20.14.11"
  dependencies:
    undici-types: ~5.26.4
  checksum: 24396dea2bc803c2d2ebfdd31a3e6e93818ba1a5933d63cd0f64fad1e2955a8280ba09338a48ffe68cd84748eec8bee27135045f15661aa389656f67fe0b0924
  languageName: node
  linkType: hard

"task-currency-tracker-app@workspace:.":
  version: 0.0.0-use.local
  resolution: "task-currency-tracker-app@workspace:."
  dependencies:
    "@types/node": ^20.14.11
    typescript: ^5.5.3
  languageName: unknown
  linkType: soft

"typescript@npm:^5.5.3":
  version: 5.5.3
  resolution: "typescript@npm:5.5.3"
  bin:
    tsc: bin/tsc
    tsserver: bin/tsserver
  checksum: 4b4f14313484d5c86064d04ba892544801fa551f5cf72719b540b498056fec7fc192d0bbdb2ba1448e759b1548769956da9e43e7c16781e8d8856787b0575004
  languageName: node
  linkType: hard

"typescript@patch:typescript@^5.5.3#~builtin<compat/typescript>":
  version: 5.5.3
  resolution: "typescript@patch:typescript@npm%3A5.5.3#~builtin<compat/typescript>::version=5.5.3&hash=14eedb"
  bin:
    tsc: bin/tsc
    tsserver: bin/tsserver
  checksum: 6853be4607706cc1ad2f16047cf1cd72d39f79acd5f9716e1d23bc0e462c7f59be7458fe58a21665e7657a05433d7ab8419d093a5a4bd5f3a33f879b35d2769b
  languageName: node
  linkType: hard

"undici-types@npm:~5.26.4":
  version: 5.26.5
  resolution: "undici-types@npm:5.26.5"
  checksum: 3192ef6f3fd5df652f2dc1cd782b49d6ff14dc98e5dced492aa8a8c65425227da5da6aafe22523c67f035a272c599bb89cfe803c1db6311e44bed3042fc25487
  languageName: node
  linkType: hard
